github.com/easierway/concurrent_map v1.0.0 h1:0NllRBqMFmz5GIh6QS6zQ3hXoHx9Qg269kxulMQkL/w=
github.com/easierway/concurrent_map v1.0.0/go.mod h1:03wbRB/3rTQV+WtQkl+4IJoKciueQRfKmBcO+agCg6o=
github.com/orcaman/concurrent-map/v2 v2.0.1 h1:jOJ5Pg2w1oeB6PeDurIYf6k9PQ+aTITr/6lP/L/zp6c=
github.com/orcaman/concurrent-map/v2 v2.0.1/go.mod h1:9Eq3TG2oBe5FirmYWQfYO5iH1q0Jv47PLaNK++uCdOM=
